{
  "projects": [
    {
      "projectId": "fBsca94bet4EUSoXHGArJn",
      "version": "latest",
      "dependencies": {},
      "lang": "js",
      "fileLocks": [
        {
          "type": "globalVariant",
          "assetId": "AmNFVTFTh6UY0",
          "checksum": "efb5507323bfdce0b3a639725f379f1d"
        },
        {
          "assetId": "fBsca94bet4EUSoXHGArJn",
          "type": "projectCss",
          "checksum": "46afd5342ad751e2b16c10c302c1c06f"
        },
        {
          "type": "renderModule",
          "assetId": "wKR4CMkcsbgp2",
          "checksum": "f98123a54e1016992ed57628cd1b0b7d"
        },
        {
          "type": "cssRules",
          "assetId": "wKR4CMkcsbgp2",
          "checksum": "f98123a54e1016992ed57628cd1b0b7d"
        },
        {
          "type": "renderModule",
          "assetId": "LVBcC2YtkKzbp",
          "checksum": "2d27a4f4ceae84a75cf26342de7c4141"
        },
        {
          "type": "cssRules",
          "assetId": "LVBcC2YtkKzbp",
          "checksum": "2d27a4f4ceae84a75cf26342de7c4141"
        },
        {
          "type": "renderModule",
          "assetId": "pNv5KU4sb2jMa",
          "checksum": "17aa91472d2b419d5ce8516034107515"
        },
        {
          "type": "cssRules",
          "assetId": "pNv5KU4sb2jMa",
          "checksum": "17aa91472d2b419d5ce8516034107515"
        },
        {
          "type": "renderModule",
          "assetId": "24_Lb9y3biznf",
          "checksum": "080bb92f4f944d21ee8efda982d5bcde"
        },
        {
          "type": "cssRules",
          "assetId": "24_Lb9y3biznf",
          "checksum": "080bb92f4f944d21ee8efda982d5bcde"
        },
        {
          "type": "renderModule",
          "assetId": "lukbyibyAwqNS",
          "checksum": "245870d8b1f232bf9039ea8a008eb995"
        },
        {
          "type": "cssRules",
          "assetId": "lukbyibyAwqNS",
          "checksum": "245870d8b1f232bf9039ea8a008eb995"
        },
        {
          "type": "renderModule",
          "assetId": "pORI5sApnRrOD",
          "checksum": "ff493572513f5541d8c82554e769f42c"
        },
        {
          "type": "cssRules",
          "assetId": "pORI5sApnRrOD",
          "checksum": "ff493572513f5541d8c82554e769f42c"
        },
        {
          "type": "renderModule",
          "assetId": "nKovcSFqQPKzk",
          "checksum": "b5e452259caf91579cd8192e4de53879"
        },
        {
          "type": "cssRules",
          "assetId": "nKovcSFqQPKzk",
          "checksum": "b5e452259caf91579cd8192e4de53879"
        },
        {
          "type": "renderModule",
          "assetId": "vJC7mZ5RBiPCQ",
          "checksum": "532379b116548b094430143bd2fe8731"
        },
        {
          "type": "cssRules",
          "assetId": "vJC7mZ5RBiPCQ",
          "checksum": "532379b116548b094430143bd2fe8731"
        },
        {
          "type": "renderModule",
          "assetId": "b5qPoGVcjzfiH",
          "checksum": "ceccdd3f71e6c3fce2e8a222f6645ce1"
        },
        {
          "type": "cssRules",
          "assetId": "b5qPoGVcjzfiH",
          "checksum": "ceccdd3f71e6c3fce2e8a222f6645ce1"
        },
        {
          "type": "renderModule",
          "assetId": "llPcXwSuWZliV",
          "checksum": "36c1f6632a8467b7a10f7375048490b0"
        },
        {
          "type": "cssRules",
          "assetId": "llPcXwSuWZliV",
          "checksum": "36c1f6632a8467b7a10f7375048490b0"
        },
        {
          "type": "renderModule",
          "assetId": "oHMfA4SDXPnZt",
          "checksum": "36c2ba06da0b64eeb713bb94e353fee4"
        },
        {
          "type": "cssRules",
          "assetId": "oHMfA4SDXPnZt",
          "checksum": "36c2ba06da0b64eeb713bb94e353fee4"
        },
        {
          "type": "renderModule",
          "assetId": "7jlHC-LjyiARC",
          "checksum": "c9c913d3be49266307ed870022555237"
        },
        {
          "type": "cssRules",
          "assetId": "7jlHC-LjyiARC",
          "checksum": "c9c913d3be49266307ed870022555237"
        },
        {
          "type": "renderModule",
          "assetId": "iwLFdIiajJGZ6",
          "checksum": "b8a342099e39d7f593d7f162f772ab71"
        },
        {
          "type": "cssRules",
          "assetId": "iwLFdIiajJGZ6",
          "checksum": "b8a342099e39d7f593d7f162f772ab71"
        },
        {
          "type": "renderModule",
          "assetId": "rFx_o2QGdlilY",
          "checksum": "83847e982a04fe444c340e7ad0e8f57e"
        },
        {
          "type": "cssRules",
          "assetId": "rFx_o2QGdlilY",
          "checksum": "83847e982a04fe444c340e7ad0e8f57e"
        },
        {
          "type": "renderModule",
          "assetId": "Qz-_Gd5GGj46I",
          "checksum": "499c0663c7274308ce30bd8b4ae55faa"
        },
        {
          "type": "cssRules",
          "assetId": "Qz-_Gd5GGj46I",
          "checksum": "499c0663c7274308ce30bd8b4ae55faa"
        },
        {
          "type": "renderModule",
          "assetId": "d5U8HfpcPZ-4L",
          "checksum": "da6c190e7c4b99d389b69599a5259723"
        },
        {
          "type": "cssRules",
          "assetId": "d5U8HfpcPZ-4L",
          "checksum": "da6c190e7c4b99d389b69599a5259723"
        },
        {
          "type": "renderModule",
          "assetId": "8jPKTuirLdl_6",
          "checksum": "69505f28153359fd0cd161ddb2a91bbb"
        },
        {
          "type": "cssRules",
          "assetId": "8jPKTuirLdl_6",
          "checksum": "69505f28153359fd0cd161ddb2a91bbb"
        },
        {
          "type": "renderModule",
          "assetId": "Nx70f4NxK5_lw",
          "checksum": "224854bdce2b9f0fcf66e315e4255616"
        },
        {
          "type": "cssRules",
          "assetId": "Nx70f4NxK5_lw",
          "checksum": "224854bdce2b9f0fcf66e315e4255616"
        },
        {
          "type": "icon",
          "assetId": "7rjKMV5qs1RxJ",
          "checksum": "0f5695c92ab8a92b153dfb5706e57892"
        },
        {
          "type": "icon",
          "assetId": "1Zh4qskDqfOaZ",
          "checksum": "957bca0b4be8d37daae873e356310381"
        },
        {
          "type": "icon",
          "assetId": "oeVLLou_u7G94",
          "checksum": "d234c2275228e61bca09071447ac9e28"
        },
        {
          "type": "icon",
          "assetId": "0v_w7zLgEAjYw",
          "checksum": "9d0941df25e71b2dd46eccf7cf1eb81e"
        },
        {
          "type": "icon",
          "assetId": "G3UWRLys6LBcR",
          "checksum": "abdc21e42abd5602833a23e79cb8b752"
        },
        {
          "type": "icon",
          "assetId": "iAPoFE9XYiGbl",
          "checksum": "ed9aef47ec08c107e40d9985647e5546"
        },
        {
          "type": "icon",
          "assetId": "5CFx7tW3uTLU2",
          "checksum": "0aae3e7cdaacc888cb99ff0c3861c9bc"
        },
        {
          "type": "icon",
          "assetId": "NvuSBTu9BcKvo",
          "checksum": "aa3020bdb8090a647061751caa054f9b"
        },
        {
          "type": "icon",
          "assetId": "BlkW7qsUzdcy0",
          "checksum": "3b55346e848f491e04b84adc7e0d7e08"
        },
        {
          "type": "image",
          "assetId": "fVFz0AkEbu1W6",
          "checksum": "47709046379e6e11e3af052c1c2c51cc"
        },
        {
          "type": "image",
          "assetId": "zAMNIqdyg4D4a",
          "checksum": "bb81252c77240593f34015324e2ee9c7"
        },
        {
          "type": "image",
          "assetId": "z5QamJBWe0Wip",
          "checksum": "b4c74755f5e5f8dac364979de9b411fa"
        },
        {
          "type": "image",
          "assetId": "FWOkXLzE6lgVt",
          "checksum": "5deb34cbea87ebfbde6aecb12b137c6c"
        },
        {
          "type": "image",
          "assetId": "lxgON1mklUCD-",
          "checksum": "2f8fd1a07a61519ab1550dd0f2076091"
        },
        {
          "type": "image",
          "assetId": "BRXD3iEUIOfky",
          "checksum": "b78942c0333faf6a15e067a8dc47e456"
        }
      ]
    }
  ],
  "cliVersion": "0.1.158"
}
